lockfileVersion: '9.0'

settings:
  autoInstallPeers: true
  excludeLinksFromLockfile: false

importers:

  .:
    devDependencies:
      '@types/node':
        specifier: latest
        version: 25.9.2
      tsx:
        specifier: latest
        version: 4.22.4
      turbo:
        specifier: latest
        version: 2.9.17
      typescript:
        specifier: latest
        version: 6.0.3

  apps/dashboard: {}

  packages/database:
    dependencies:
      '@prisma/client':
        specifier: ^6.19.0
        version: 6.19.3(prisma@6.19.3(typescript@6.0.3))(typescript@6.0.3)
    devDependencies:
      dotenv-cli:
        specifier: ^10.0.0
        version: 10.0.0
      prisma:
        specifier: ^6.19.0
        version: 6.19.3(typescript@6.0.3)

  packages/shared: {}

  packages/types: {}

  services/executor:
    dependencies:
      '@halo/shared':
        specifier: workspace:*
        version: link:../../packages/shared

  services/intelligence:
    dependencies:
      '@halo/shared':
        specifier: workspace:*
        version: link:../../packages/shared

  services/tracker:
    dependencies:
      '@halo/shared':
        specifier: workspace:*
        version: link:../../packages/shared
      '@halo/types':
        specifier: workspace:*
        version: link:../../packages/types

  services/watcher:
    dependencies:
      '@halo/shared':
        specifier: workspace:*
        version: link:../../packages/shared
      '@triton-one/yellowstone-grpc':
        specifier: ^5.0.9
        version: 5.0.9(typescript@6.0.3)
      dotenv:
        specifier: ^17.2.3
        version: 17.4.2
      ioredis:
        specifier: ^5.11.1
        version: 5.11.1

packages:

  '@bufbuild/protobuf@2.10.2':
    resolution: {integrity: sha512-uFsRXwIGyu+r6AMdz+XijIIZJYpoWeYzILt5yZ2d3mCjQrWUTVpVD9WL/jZAbvp+Ed04rOhrsk7FiTcEDseB5A==}

  '@esbuild/aix-ppc64@0.28.0':
    resolution: {integrity: sha512-lhRUCeuOyJQURhTxl4WkpFTjIsbDayJHih5kZC1giwE+MhIzAb7mEsQMqMf18rHLsrb5qI1tafG20mLxEWcWlA==}
    engines: {node: '>=18'}
    cpu: [ppc64]
    os: [aix]

  '@esbuild/android-arm64@0.28.0':
    resolution: {integrity: sha512-+WzIXQOSaGs33tLEgYPYe/yQHf0WTU0X42Jca3y8NWMbUVhp7rUnw+vAsRC/QiDrdD31IszMrZy+qwPOPjd+rw==}
    engines: {node: '>=18'}
    cpu: [arm64]
    os: [android]

  '@esbuild/android-arm@0.28.0':
    resolution: {integrity: sha512-wqh0ByljabXLKHeWXYLqoJ5jKC4XBaw6Hk08OfMrCRd2nP2ZQ5eleDZC41XHyCNgktBGYMbqnrJKq/K/lzPMSQ==}
    engines: {node: '>=18'}
    cpu: [arm]
    os: [android]

  '@esbuild/android-x64@0.28.0':
    resolution: {integrity: sha512-+VJggoaKhk2VNNqVL7f6S189UzShHC/mR9EE8rDdSkdpN0KflSwWY/gWjDrNxxisg8Fp1ZCD9jLMo4m0OUfeUA==}
    engines: {node: '>=18'}
    cpu: [x64]
    os: [android]

  '@esbuild/darwin-arm64@0.28.0':
    resolution: {integrity: sha512-0T+A9WZm+bZ84nZBtk1ckYsOvyA3x7e2Acj1KdVfV4/2tdG4fzUp91YHx+GArWLtwqp77pBXVCPn2We7Letr0Q==}
    engines: {node: '>=18'}
    cpu: [arm64]
    os: [darwin]

  '@esbuild/darwin-x64@0.28.0':
    resolution: {integrity: sha512-fyzLm/DLDl/84OCfp2f/XQ4flmORsjU7VKt8HLjvIXChJoFFOIL6pLJPH4Yhd1n1gGFF9mPwtlN5Wf82DZs+LQ==}
    engines: {node: '>=18'}
    cpu: [x64]
    os: [darwin]

  '@esbuild/freebsd-arm64@0.28.0':
    resolution: {integrity: sha512-l9GeW5UZBT9k9brBYI+0WDffcRxgHQD8ShN2Ur4xWq/NFzUKm3k5lsH4PdaRgb2w7mI9u61nr2gI2mLI27Nh3Q==}
    engines: {node: '>=18'}
    cpu: [arm64]
    os: [freebsd]

  '@esbuild/freebsd-x64@0.28.0':
    resolution: {integrity: sha512-BXoQai/A0wPO6Es3yFJ7APCiKGc1tdAEOgeTNy3SsB491S3aHn4S4r3e976eUnPdU+NbdtmBuLncYir2tMU9Nw==}
    engines: {node: '>=18'}
    cpu: [x64]
    os: [freebsd]

  '@esbuild/linux-arm64@0.28.0':
    resolution: {integrity: sha512-RVyzfb3FWsGA55n6WY0MEIEPURL1FcbhFE6BffZEMEekfCzCIMtB5yyDcFnVbTnwk+CLAgTujmV/Lgvih56W+A==}
    engines: {node: '>=18'}
    cpu: [arm64]
    os: [linux]

  '@esbuild/linux-arm@0.28.0':
    resolution: {integrity: sha512-CjaaREJagqJp7iTaNQjjidaNbCKYcd4IDkzbwwxtSvjI7NZm79qiHc8HqciMddQ6CKvJT6aBd8lO9kN/ZudLlw==}
    engines: {node: '>=18'}
    cpu: [arm]
    os: [linux]

  '@esbuild/linux-ia32@0.28.0':
    resolution: {integrity: sha512-KBnSTt1kxl9x70q+ydterVdl+Cn0H18ngRMRCEQfrbqdUuntQQ0LoMZv47uB97NljZFzY6HcfqEZ2SAyIUTQBQ==}
    engines: {node: '>=18'}
    cpu: [ia32]
    os: [linux]

  '@esbuild/linux-loong64@0.28.0':
    resolution: {integrity: sha512-zpSlUce1mnxzgBADvxKXX5sl8aYQHo2ezvMNI8I0lbblJtp8V4odlm3Yzlj7gPyt3T8ReksE6bK+pT3WD+aJRg==}
    engines: {node: '>=18'}
    cpu: [loong64]
    os: [linux]

  '@esbuild/linux-mips64el@0.28.0':
    resolution: {integrity: sha512-2jIfP6mmjkdmeTlsX/9vmdmhBmKADrWqN7zcdtHIeNSCH1SqIoNI63cYsjQR8J+wGa4Y5izRcSHSm8K3QWmk3w==}
    engines: {node: '>=18'}
    cpu: [mips64el]
    os: [linux]

  '@esbuild/linux-ppc64@0.28.0':
    resolution: {integrity: sha512-bc0FE9wWeC0WBm49IQMPSPILRocGTQt3j5KPCA8os6VprfuJ7KD+5PzESSrJ6GmPIPJK965ZJHTUlSA6GNYEhg==}
    engines: {node: '>=18'}
    cpu: [ppc64]
    os: [linux]

  '@esbuild/linux-riscv64@0.28.0':
    resolution: {integrity: sha512-SQPZOwoTTT/HXFXQJG/vBX8sOFagGqvZyXcgLA3NhIqcBv1BJU1d46c0rGcrij2B56Z2rNiSLaZOYW5cUk7yLQ==}
    engines: {node: '>=18'}
    cpu: [riscv64]
    os: [linux]

  '@esbuild/linux-s390x@0.28.0':
    resolution: {integrity: sha512-SCfR0HN8CEEjnYnySJTd2cw0k9OHB/YFzt5zgJEwa+wL/T/raGWYMBqwDNAC6dqFKmJYZoQBRfHjgwLHGSrn3Q==}
    engines: {node: '>=18'}
    cpu: [s390x]
    os: [linux]

  '@esbuild/linux-x64@0.28.0':
    resolution: {integrity: sha512-us0dSb9iFxIi8srnpl931Nvs65it/Jd2a2K3qs7fz2WfGPHqzfzZTfec7oxZJRNPXPnNYZtanmRc4AL/JwVzHQ==}
    engines: {node: '>=18'}
    cpu: [x64]
    os: [linux]

  '@esbuild/netbsd-arm64@0.28.0':
    resolution: {integrity: sha512-CR/RYotgtCKwtftMwJlUU7xCVNg3lMYZ0RzTmAHSfLCXw3NtZtNpswLEj/Kkf6kEL3Gw+BpOekRX0BYCtklhUw==}
    engines: {node: '>=18'}
    cpu: [arm64]
    os: [netbsd]

  '@esbuild/netbsd-x64@0.28.0':
    resolution: {integrity: sha512-nU1yhmYutL+fQ71Kxnhg8uEOdC0pwEW9entHykTgEbna2pw2dkbFSMeqjjyHZoCmt8SBkOSvV+yNmm94aUrrqw==}
    engines: {node: '>=18'}
    cpu: [x64]
    os: [netbsd]

  '@esbuild/openbsd-arm64@0.28.0':
    resolution: {integrity: sha512-cXb5vApOsRsxsEl4mcZ1XY3D4DzcoMxR/nnc4IyqYs0rTI8ZKmW6kyyg+11Z8yvgMfAEldKzP7AdP64HnSC/6g==}
    engines: {node: '>=18'}
    cpu: [arm64]
    os: [openbsd]

  '@esbuild/openbsd-x64@0.28.0':
    resolution: {integrity: sha512-8wZM2qqtv9UP3mzy7HiGYNH/zjTA355mpeuA+859TyR+e+Tc08IHYpLJuMsfpDJwoLo1ikIJI8jC3GFjnRClzA==}
    engines: {node: '>=18'}
    cpu: [x64]
    os: [openbsd]

  '@esbuild/openharmony-arm64@0.28.0':
    resolution: {integrity: sha512-FLGfyizszcef5C3YtoyQDACyg95+dndv79i2EekILBofh5wpCa1KuBqOWKrEHZg3zrL3t5ouE5jgr94vA+Wb2w==}
    engines: {node: '>=18'}
    cpu: [arm64]
    os: [openharmony]

  '@esbuild/sunos-x64@0.28.0':
    resolution: {integrity: sha512-1ZgjUoEdHZZl/YlV76TSCz9Hqj9h9YmMGAgAPYd+q4SicWNX3G5GCyx9uhQWSLcbvPW8Ni7lj4gDa1T40akdlw==}
    engines: {node: '>=18'}
    cpu: [x64]
    os: [sunos]

  '@esbuild/win32-arm64@0.28.0':
    resolution: {integrity: sha512-Q9StnDmQ/enxnpxCCLSg0oo4+34B9TdXpuyPeTedN/6+iXBJ4J+zwfQI28u/Jl40nOYAxGoNi7mFP40RUtkmUA==}
    engines: {node: '>=18'}
    cpu: [arm64]
    os: [win32]

  '@esbuild/win32-ia32@0.28.0':
    resolution: {integrity: sha512-zF3ag/gfiCe6U2iczcRzSYJKH1DCI+ByzSENHlM2FcDbEeo5Zd2C86Aq0tKUYAJJ1obRP84ymxIAksZUcdztHA==}
    engines: {node: '>=18'}
    cpu: [ia32]
    os: [win32]

  '@esbuild/win32-x64@0.28.0':
    resolution: {integrity: sha512-pEl1bO9mfAmIC+tW5btTmrKaujg3zGtUmWNdCw/xs70FBjwAL3o9OEKNHvNmnyylD6ubxUERiEhdsL0xBQ9efw==}
    engines: {node: '>=18'}
    cpu: [x64]
    os: [win32]

  '@ioredis/commands@1.10.0':
    resolution: {integrity: sha512-UmeW7z4LfctwoQ5wkhVzgq8tXkreED2xZGpX+Bg+zA+WJFZCT6c062AfCK/Dfk81xZnnwdhJCUMkitihRaoC2Q==}

  '@prisma/client@6.19.3':
    resolution: {integrity: sha512-mKq3jQFhjvko5LTJFHGilsuQs+W+T3Gm451NzuTDGQxwCzwXHYnIu2zGkRoW+Exq3Rob7yp2MfzSrdIiZVhrBg==}
    engines: {node: '>=18.18'}
    peerDependencies:
      prisma: '*'
      typescript: '>=5.1.0'
    peerDependenciesMeta:
      prisma:
        optional: true
      typescript:
        optional: true

  '@prisma/config@6.19.3':
    resolution: {integrity: sha512-CBPT44BjlQxEt8kiMEauji2WHTDoVBOKl7UlewXmUgBPnr/oPRZC3psci5chJnYmH0ivEIog2OU9PGWoki3DLQ==}

  '@prisma/debug@6.19.3':
    resolution: {integrity: sha512-ljkJ+SgpXNktLG0Q/n4JGYCkKf0f8oYLyjImS2I8e2q2WCfdRRtWER062ZV/ixaNP2M2VKlWXVJiGzZaUgbKZw==}

  '@prisma/engines-version@7.1.1-3.c2990dca591cba766e3b7ef5d9e8a84796e47ab7':
    resolution: {integrity: sha512-03bgb1VD5gvuumNf+7fVGBzfpJPjmqV423l/WxsWk2cNQ42JD0/SsFBPhN6z8iAvdHs07/7ei77SKu7aZfq8bA==}

  '@prisma/engines@6.19.3':
    resolution: {integrity: sha512-RSYxtlYFl5pJ8ZePgMv0lZ9IzVCOdTPOegrs2qcbAEFrBI1G33h6wyC9kjQvo0DnYEhEVY0X4LsuFHXLKQk88g==}

  '@prisma/fetch-engine@6.19.3':
    resolution: {integrity: sha512-tKtl/qco9Nt7LU5iKhpultD8O4vMCZcU2CHjNTnRrL1QvSUr5W/GcyFPjNL87GtRrwBc7ubXXD9xy4EvLvt8JA==}

  '@prisma/get-platform@6.19.3':
    resolution: {integrity: sha512-xFj1VcJ1N3MKooOQAGO0W5tsd0W2QzIvW7DD7c/8H14Zmp4jseeWAITm+w2LLoLrlhoHdPPh0NMZ8mfL6puoHA==}

  '@solana/addresses@5.1.0':
    resolution: {integrity: sha512-X84qSZLgve9YeYsyxGI49WnfEre53tdFu4x9/4oULBgoj8d0A+P9VGLYzmRJ0YFYKRcZG7U4u3MQpI5uLZ1AsQ==}
    engines: {node: '>=20.18.0'}
    peerDependencies:
      typescript: '>=5.3.3'

  '@solana/assertions@5.1.0':
    resolution: {integrity: sha512-5But2wyxuvGXMIOnD0jBMQ9yq1QQF2LSK3IbIRSkAkXbD3DS6O2tRvKUHNhogd+BpkPyCGOQHBycezgnxmStlg==}
    engines: {node: '>=20.18.0'}
    peerDependencies:
      typescript: '>=5.3.3'

  '@solana/codecs-core@5.1.0':
    resolution: {integrity: sha512-vDwi03mxWeWCS5Il6BCdNdifYdOoHVz97YOmbWGIt45b77Ivu5NUYeSD2+ccl6fSw8eYQ6QaqqKXMjbSfsXv4g==}
    engines: {node: '>=20.18.0'}
    peerDependencies:
      typescript: '>=5.3.3'

  '@solana/codecs-data-structures@5.1.0':
    resolution: {integrity: sha512-ftAwL/jsurFrk9kFVhkTLdQ8fGZ8I0PcbVH+V1a0dIP2aKDofGePvK0XbwZE/ohizC9gEIZxyBX5IgRKk5PXyg==}
    engines: {node: '>=20.18.0'}
    peerDependencies:
      typescript: '>=5.3.3'

  '@solana/codecs-numbers@5.1.0':
    resolution: {integrity: sha512-Ea5/9yjDNOrDZcI40UGzzi6Aq1JNsmzM4m5pOk6Xb3JRZ0YdKOv/MwuCqb6jRgzZ7SQjHhkfGL43kHLJA++bOw==}
    engines: {node: '>=20.18.0'}
    peerDependencies:
      typescript: '>=5.3.3'

  '@solana/codecs-strings@5.1.0':
    resolution: {integrity: sha512-014xwl5T/3VnGW0gceizF47DUs5EURRtgGmbWIR5+Z32yxgQ6hT9Zl0atZbL268RHbUQ03/J8Ush1StQgy7sfQ==}
    engines: {node: '>=20.18.0'}
    peerDependencies:
      fastestsmallesttextencoderdecoder: ^1.0.22
      typescript: '>=5.3.3'
    peerDependenciesMeta:
      fastestsmallesttextencoderdecoder:
        optional: true

  '@solana/errors@5.1.0':
    resolution: {integrity: sha512-JlTyekErWa6Fdcwu1Hrh+jZxjM4YxyorGCFDRVZlmHZFkp5N00DWKcYnSGZrTF8E6ZZEP9pfS2XwM8y7p7HPww==}
    engines: {node: '>=20.18.0'}
    hasBin: true
    peerDependencies:
      typescript: '>=5.3.3'

  '@solana/functional@5.1.0':
    resolution: {integrity: sha512-R6jacWU0Gr+j49lTDp+FSECBolqw2Gq7JlC22rI0JkcxJiiAlp3G80v6zAYq0FkHzxZbjyR6//JYUXSwliem5g==}
    engines: {node: '>=20.18.0'}
    peerDependencies:
      typescript: '>=5.3.3'

  '@solana/instructions@5.1.0':
    resolution: {integrity: sha512-fkwpUwwqk5K14T/kZDnCrfeR0kww49HBx+BK8xdSeJx+bt4QTwAHa9YeOkGhGrHEFVEJEUf8FKoxxTzZzJZtKQ==}
    engines: {node: '>=20.18.0'}
    peerDependencies:
      typescript: '>=5.3.3'

  '@solana/keys@5.1.0':
    resolution: {integrity: sha512-ma4zTTuSOmtTCvATHMfUGNTw0Vqah/6XPe1VmLc66ohwXMI3yqatX1FQPXgDZozr15SvLAesfs7/bgl2TRoe9w==}
    engines: {node: '>=20.18.0'}
    peerDependencies:
      typescript: '>=5.3.3'

  '@solana/nominal-types@5.1.0':
    resolution: {integrity: sha512-+4Cm+SpK+D811i9giqv4Up93ZlmUcZfLDHkSH24F4in61+Y2TKA+XKuRtKhNytQMmqCfbvJZ9MHFaIeZw5g+Bg==}
    engines: {node: '>=20.18.0'}
    peerDependencies:
      typescript: '>=5.3.3'

  '@solana/rpc-api@5.1.0':
    resolution: {integrity: sha512-eI1tY0i3gmih1C65gFECYbfPRpHEYqFp+9IKjpknZtYpQIe9BqBKSpfYpGiCAbKdN/TMadBNPOzdK15ewhkkvQ==}
    engines: {node: '>=20.18.0'}
    peerDependencies:
      typescript: '>=5.3.3'

  '@solana/rpc-parsed-types@5.1.0':
    resolution: {integrity: sha512-ZJoXHNItALMNa1zmGrNnIh96RBlc9GpIqoaZkdE14mAQ7gWe7Oc0ejYavUeSCmcL0wZcvIFh50AsfVxrHr4+2Q==}
    engines: {node: '>=20.18.0'}
    peerDependencies:
      typescript: '>=5.3.3'

  '@solana/rpc-spec-types@5.1.0':
    resolution: {integrity: sha512-B8/WyjmHpC34vXtAmTpZyPwRCm7WwoSkmjBcBouaaY1uilJ9+Wp2nptbq2cJyWairOoMSoI7v5kvvnrJuquq4Q==}
    engines: {node: '>=20.18.0'}
    peerDependencies:
      typescript: '>=5.3.3'

  '@solana/rpc-spec@5.1.0':
    resolution: {integrity: sha512-y8B6fUWA1EBKXUsNo6b9EiFcQPsaJREPLlcIDbo4b6TucQNwvl7FHfpf1VHJL64SkI/WE69i2WEkiOJYjmLO0A==}
    engines: {node: '>=20.18.0'}
    peerDependencies:
      typescript: '>=5.3.3'

  '@solana/rpc-transformers@5.1.0':
    resolution: {integrity: sha512-6v93xi/ewGS/xEiSktNQ0bh0Uiv1/q9nR5oiFMn3BiAJRC+FdMRMxCjp6H+/Tua7wdhpClaPKrZYBQHoIp59tw==}
    engines: {node: '>=20.18.0'}
    peerDependencies:
      typescript: '>=5.3.3'

  '@solana/rpc-types@5.1.0':
    resolution: {integrity: sha512-Rnpt5BuHQvnULPNXUC/yRqB+7iPbon95CSCeyRvPj5tJ4fx2JibvX3s/UEoud5vC+kRjPi/R0BGJ8XFvd3eDWg==}
    engines: {node: '>=20.18.0'}
    peerDependencies:
      typescript: '>=5.3.3'

  '@solana/transaction-messages@5.1.0':
    resolution: {integrity: sha512-9rNV2YJhd85WIMvnwa/vUY4xUw3ZTU17jP1KDo/fFZWk55a0ov0ATJJPyC5HAR1i6hT1cmJzGH/UHhnD9m/Q3w==}
    engines: {node: '>=20.18.0'}
    peerDependencies:
      typescript: '>=5.3.3'

  '@solana/transactions@5.1.0':
    resolution: {integrity: sha512-06JwSPtz+38ozNgpysAXS2eTMPQCufIisXB6K88X8J4GF8ziqs4nkq0BpXAXn+MpZTkuMt+JeW2RxP3HKhXe5g==}
    engines: {node: '>=20.18.0'}
    peerDependencies:
      typescript: '>=5.3.3'

  '@standard-schema/spec@1.1.0':
    resolution: {integrity: sha512-l2aFy5jALhniG5HgqrD6jXLi/rUWrKvqN/qJx6yoJsgKhblVd+iqqU4RCXavm/jPityDo5TCvKMnpjKnOriy0w==}

  '@triton-one/yellowstone-grpc-napi-darwin-arm64@0.0.14':
    resolution: {integrity: sha512-2xjtkwDiIHPX1dPNfu6+R/wTJoUzhK9Owm0SRiioOzqozE4p2NQp6p4BLEydsiEviX9TUjq32urS6UHEr2B3Iw==}
    cpu: [arm64]
    os: [darwin]

  '@triton-one/yellowstone-grpc-napi-darwin-x64@0.0.14':
    resolution: {integrity: sha512-KqPSp/f9s+9a1+X8VT6tRxwR5jHBrfJUwiQ33aQWRmo4/HNejGXqfI9suPzA3vS3RyYGwtAhKdUYiCiJPpfnYQ==}
    cpu: [x64]
    os: [darwin]

  '@triton-one/yellowstone-grpc-napi-linux-x64-gnu@0.0.14':
    resolution: {integrity: sha512-wkwmBXEJEaYrh95Le8ykaL1qrVjJom7t3eFIHGf7meLdaHtbOSx1j63pDKvKZ/3C7rWO5lsob7rI5vR8AcJ2lg==}
    cpu: [x64]
    os: [linux]

  '@triton-one/yellowstone-grpc-napi-linux-x64-musl@0.0.14':
    resolution: {integrity: sha512-u8jlc6a72NA5sNgRMRgkAV9Mbmgzu0hAEfOmwFX0NPosoO8nsKLVH5XxekeL+7CUCSyGBkVcRAIJPaLfXDUFiw==}
    cpu: [x64]
    os: [linux]

  '@triton-one/yellowstone-grpc@5.0.9':
    resolution: {integrity: sha512-CXEakmdo9kSjeiWFoJWGZ5gpwzTvzJ0pI8ZjlN8BEFqOVmd26uvQQ2dHv2C6ssXZmLna3XkvRx6RFy3DUUHItQ==}
    engines: {node: '>=20.18.0'}

  '@turbo/darwin-64@2.9.17':
    resolution: {integrity: sha512-io5jn5RDeU+9YV78rWhwG++HD/OZ/Lxg1sg93+jDGKQNP3UDxY6RX2dmarbCILhNxNuAM8FH3WgGMY9E96Mf8w==}
    cpu: [x64]
    os: [darwin]

  '@turbo/darwin-arm64@2.9.17':
    resolution: {integrity: sha512-83YZTYmN2sxFWf2LTMOwqbOvR3qZMa/TSFwnB6BHVBbIWyoPPe+TAdSTd8KevEx8ml8KkycJ/9A70DFVReyUww==}
    cpu: [arm64]
    os: [darwin]

  '@turbo/linux-64@2.9.17':
    resolution: {integrity: sha512-teKfwJg0zSC+C2ZSOsX3VnAJGVgcN+pgKNmnGWzcpXQ9eIkAQtYP+getrQ2f1Tw/ePudnreQhq8tVP8S73Vy6Q==}
    cpu: [x64]
    os: [linux]

  '@turbo/linux-arm64@2.9.17':
    resolution: {integrity: sha512-mqO36x2CNtJ9CCbEf5xOqH662tVSc1wB0mxh7dopBpgXg0fEifdzwX0IEAUW1WUAaNH986L7iEUUgw3HNqUWgg==}
    cpu: [arm64]
    os: [linux]

  '@turbo/windows-64@2.9.17':
    resolution: {integrity: sha512-jbyoNePufyMoSSrvVr+/mglcjmya/MOgoIrSHPr67iZ1VFgrlMQXHXtptR2lR48gi+86b1XBvsviJZ9A7zrydg==}
    cpu: [x64]
    os: [win32]

  '@turbo/windows-arm64@2.9.17':
    resolution: {integrity: sha512-+ql0wYc99Y2AMvyHCcC/P+xtyV4nz522L+C9HDnyi7ryHXBGM+ZjBP28M7SLBGMDImgpN8sk2szpgbvreMeXVA==}
    cpu: [arm64]
    os: [win32]

  '@types/node@25.9.2':
    resolution: {integrity: sha512-G05zqtJhcDLb8uslf5EjCxXg9G1KQxiV8OS0R26IC//Eoyitzqe8z37I7cqvnZlrlSfgocQRfSn/AHBZJJFyGw==}

  c12@3.1.0:
    resolution: {integrity: sha512-uWoS8OU1MEIsOv8p/5a82c3H31LsWVR5qiyXVfBNOzfffjUWtPnhAb4BYI2uG2HfGmZmFjCtui5XNWaps+iFuw==}
    peerDependencies:
      magicast: ^0.3.5
    peerDependenciesMeta:
      magicast:
        optional: true

  chalk@5.6.2:
    resolution: {integrity: sha512-7NzBL0rN6fMUW+f7A6Io4h40qQlG+xGmtMxfbnH/K7TAtt8JQWVQK+6g0UXKMeVJoyV5EkkNsErQ8pVD3bLHbA==}
    engines: {node: ^12.17.0 || ^14.13 || >=16.0.0}

  chokidar@4.0.3:
    resolution: {integrity: sha512-Qgzu8kfBvo+cA4962jnP1KkS6Dop5NS6g7R5LFYJr4b8Ub94PPQXUksCw9PvXoeXPRRddRNC5C1JQUR2SMGtnA==}
    engines: {node: '>= 14.16.0'}

  citty@0.1.6:
    resolution: {integrity: sha512-tskPPKEs8D2KPafUypv2gxwJP8h/OaJmC82QQGGDQcHvXX43xF2VDACcJVmZ0EuSxkpO9Kc4MlrA3q0+FG58AQ==}

  citty@0.2.2:
    resolution: {integrity: sha512-+6vJA3L98yv+IdfKGZHBNiGW5KHn22e/JwID0Strsz8h4S/csAu/OuICwxrg44k5MRiZHWIo8XXuJgQTriRP4w==}

  cluster-key-slot@1.1.1:
    resolution: {integrity: sha512-rwHwUfXL40Chm1r08yrhU3qpUvdVlgkKNeyeGPOxnW8/SyVDvgRaed/Uz54AqWNaTCAThlj6QAs3TZcKI0xDEw==}
    engines: {node: '>=0.10.0'}

  commander@14.0.2:
    resolution: {integrity: sha512-TywoWNNRbhoD0BXs1P3ZEScW8W5iKrnbithIl0YH+uCmBd0QpPOA8yc82DS3BIE5Ma6FnBVUsJ7wVUDz4dvOWQ==}
    engines: {node: '>=20'}

  confbox@0.2.4:
    resolution: {integrity: sha512-ysOGlgTFbN2/Y6Cg3Iye8YKulHw+R2fNXHrgSmXISQdMnomY6eNDprVdW9R5xBguEqI954+S6709UyiO7B+6OQ==}

  consola@3.4.2:
    resolution: {integrity: sha512-5IKcdX0nnYavi6G7TtOhwkYzyjfJlatbjMjuLSfE2kYT5pMDOilZ4OvMhi637CcDICTmz3wARPoyhqyX1Y+XvA==}
    engines: {node: ^14.18.0 || >=16.10.0}

  cross-spawn@7.0.6:
    resolution: {integrity: sha512-uV2QOWP2nWzsy2aMp8aRibhi9dlzF5Hgh5SHaB9OiTGEyDTiJJyx0uy51QXdyWbtAHNua4XJzUKca3OzKUd3vA==}
    engines: {node: '>= 8'}

  debug@4.4.3:
    resolution: {integrity: sha512-RGwwWnwQvkVfavKVt22FGLw+xYSdzARwm0ru6DhTVA3umU5hZc28V3kO4stgYryrTlLpuvgI9GiijltAjNbcqA==}
    engines: {node: '>=6.0'}
    peerDependencies:
      supports-color: '*'
    peerDependenciesMeta:
      supports-color:
        optional: true

  deepmerge-ts@7.1.5:
    resolution: {integrity: sha512-HOJkrhaYsweh+W+e74Yn7YStZOilkoPb6fycpwNLKzSPtruFs48nYis0zy5yJz1+ktUhHxoRDJ27RQAWLIJVJw==}
    engines: {node: '>=16.0.0'}

  defu@6.1.7:
    resolution: {integrity: sha512-7z22QmUWiQ/2d0KkdYmANbRUVABpZ9SNYyH5vx6PZ+nE5bcC0l7uFvEfHlyld/HcGBFTL536ClDt3DEcSlEJAQ==}

  denque@2.1.0:
    resolution: {integrity: sha512-HVQE3AAb/pxF8fQAoiqpvg9i3evqug3hoiwakOyZAwJm+6vZehbkYXZ0l4JxS+I3QxM97v5aaRNhj8v5oBhekw==}
    engines: {node: '>=0.10'}

  destr@2.0.5:
    resolution: {integrity: sha512-ugFTXCtDZunbzasqBxrK93Ik/DRYsO6S/fedkWEMKqt04xZ4csmnmwGDBAb07QWNaGMAmnTIemsYZCksjATwsA==}

  dotenv-cli@10.0.0:
    resolution: {integrity: sha512-lnOnttzfrzkRx2echxJHQRB6vOAMSCzzZg79IxpC00tU42wZPuZkQxNNrrwVAxaQZIIh001l4PxVlCrBxngBzA==}
    hasBin: true

  dotenv-expand@11.0.7:
    resolution: {integrity: sha512-zIHwmZPRshsCdpMDyVsqGmgyP0yT8GAgXUnkdAoJisxvf33k7yO6OuoKmcTGuXPWSsm8Oh88nZicRLA9Y0rUeA==}
    engines: {node: '>=12'}

  dotenv@16.6.1:
    resolution: {integrity: sha512-uBq4egWHTcTt33a72vpSG0z3HnPuIl6NqYcTrKEg2azoEyl2hpW0zqlxysq2pK9HlDIHyHyakeYaYnSAwd8bow==}
    engines: {node: '>=12'}

  dotenv@17.4.2:
    resolution: {integrity: sha512-nI4U3TottKAcAD9LLud4Cb7b2QztQMUEfHbvhTH09bqXTxnSie8WnjPALV/WMCrJZ6UV/qHJ6L03OqO3LcdYZw==}
    engines: {node: '>=12'}

  effect@3.21.0:
    resolution: {integrity: sha512-PPN80qRokCd1f015IANNhrwOnLO7GrrMQfk4/lnZRE/8j7UPWrNNjPV0uBrZutI/nHzernbW+J0hdqQysHiSnQ==}

  empathic@2.0.0:
    resolution: {integrity: sha512-i6UzDscO/XfAcNYD75CfICkmfLedpyPDdozrLMmQc5ORaQcdMoc21OnlEylMIqI7U8eniKrPMxxtj8k0vhmJhA==}
    engines: {node: '>=14'}

  esbuild@0.28.0:
    resolution: {integrity: sha512-sNR9MHpXSUV/XB4zmsFKN+QgVG82Cc7+/aaxJ8Adi8hyOac+EXptIp45QBPaVyX3N70664wRbTcLTOemCAnyqw==}
    engines: {node: '>=18'}
    hasBin: true

  exsolve@1.0.8:
    resolution: {integrity: sha512-LmDxfWXwcTArk8fUEnOfSZpHOJ6zOMUJKOtFLFqJLoKJetuQG874Uc7/Kki7zFLzYybmZhp1M7+98pfMqeX8yA==}

  fast-check@3.23.2:
    resolution: {integrity: sha512-h5+1OzzfCC3Ef7VbtKdcv7zsstUQwUDlYpUTvjeUsJAssPgLn7QzbboPtL5ro04Mq0rPOsMzl7q5hIbRs2wD1A==}
    engines: {node: '>=8.0.0'}

  fsevents@2.3.3:
    resolution: {integrity: sha512-5xoDfX+fL7faATnagmWPpbFtwh/R77WmMMqqHGS65C3vvB0YHrgF+B1YmZ3441tMj5n63k0212XNoJwzlhffQw==}
    engines: {node: ^8.16.0 || ^10.6.0 || >=11.0.0}
    os: [darwin]

  giget@2.0.0:
    resolution: {integrity: sha512-L5bGsVkxJbJgdnwyuheIunkGatUF/zssUoxxjACCseZYAVbaqdh9Tsmmlkl8vYan09H7sbvKt4pS8GqKLBrEzA==}
    hasBin: true

  ioredis@5.11.1:
    resolution: {integrity: sha512-ehuGcf94bQXhfagULNXrJdfnWO38v070jxSx/qE87Kjzmu2fU7ro5EFAb+OPituLqgfyuQaym5DlrNydW2sJ9A==}
    engines: {node: '>=12.22.0'}

  isexe@2.0.0:
    resolution: {integrity: sha512-RHxMLp9lnKHGHRng9QFhRCMbYAcVpn69smSGcq3f36xjgVVWThj4qqLbTLlq7Ssj8B+fIQ1EuCEGI2lKsyQeIw==}

  jiti@2.7.0:
    resolution: {integrity: sha512-AC/7JofJvZGrrneWNaEnJeOLUx+JlGt7tNa0wZiRPT4MY1wmfKjt2+6O2p2uz2+skll8OZZmJMNqeke7kKbNgQ==}
    hasBin: true

  minimist@1.2.8:
    resolution: {integrity: sha512-2yyAR8qBkN3YuheJanUpWC5U3bb5osDywNB8RzDVlDwDHbocAJveqqj1u8+SVD7jkWT4yvsHCpWqqWqAxb0zCA==}

  ms@2.1.3:
    resolution: {integrity: sha512-6FlzubTLZG3J2a/NVCAleEhjzq5oxgHyaCU9yYXvcLsvoVaHJq/s5xXI6/XXP6tz7R9xAOtHnSO/tXtF3WRTlA==}

  node-fetch-native@1.6.7:
    resolution: {integrity: sha512-g9yhqoedzIUm0nTnTqAQvueMPVOuIY16bqgAJJC8XOOubYFNwz6IER9qs0Gq2Xd0+CecCKFjtdDTMA4u4xG06Q==}

  nypm@0.6.6:
    resolution: {integrity: sha512-vRyr0r4cbBapw07Xw8xrj9Teq3o7MUD35rSaTcanDbW+aK2XHDgJFiU6ZTj2GBw7Q12ysdsyFss+Vdz4hQ0Y6Q==}
    engines: {node: '>=18'}
    hasBin: true

  ohash@2.0.11:
    resolution: {integrity: sha512-RdR9FQrFwNBNXAr4GixM8YaRZRJ5PUWbKYbE5eOsrwAjJW0q2REGcf79oYPsLyskQCZG1PLN+S/K1V00joZAoQ==}

  path-key@3.1.1:
    resolution: {integrity: sha512-ojmeN0qd+y0jszEtoY48r0Peq5dwMEkIlCOu6Q5f41lfkswXuKtYrhgoTpLnyIcHm24Uhqx+5Tqm2InSwLhE6Q==}
    engines: {node: '>=8'}

  pathe@2.0.3:
    resolution: {integrity: sha512-WUjGcAqP1gQacoQe+OBJsFA7Ld4DyXuUIjZ5cc75cLHvJ7dtNsTugphxIADwspS+AraAUePCKrSVtPLFj/F88w==}

  perfect-debounce@1.0.0:
    resolution: {integrity: sha512-xCy9V055GLEqoFaHoC1SoLIaLmWctgCUaBaWxDZ7/Zx4CTyX7cJQLJOok/orfjZAh9kEYpjJa4d0KcJmCbctZA==}

  pkg-types@2.3.1:
    resolution: {integrity: sha512-y+ichcgc2LrADuhLNAx8DFjVfgz91pRxfZdI3UDhxHvcVEZsenLO+7XaU5vOp0u/7V/wZ+plyuQxtrDlZJ+yeg==}

  prisma@6.19.3:
    resolution: {integrity: sha512-++ZJ0ijLrDJF6hNB4t4uxg2br3fC4H9Yc9tcbjr2fcNFP3rh/SBNrAgjhsqBU4Ght8JPrVofG/ZkXfnSfnYsFg==}
    engines: {node: '>=18.18'}
    hasBin: true
    peerDependencies:
      typescript: '>=5.1.0'
    peerDependenciesMeta:
      typescript:
        optional: true

  pure-rand@6.1.0:
    resolution: {integrity: sha512-bVWawvoZoBYpp6yIoQtQXHZjmz35RSVHnUOTefl8Vcjr8snTPY1wnpSPMWekcFwbxI6gtmT7rSYPFvz71ldiOA==}

  rc9@2.1.2:
    resolution: {integrity: sha512-btXCnMmRIBINM2LDZoEmOogIZU7Qe7zn4BpomSKZ/ykbLObuBdvG+mFq11DL6fjH1DRwHhrlgtYWG96bJiC7Cg==}

  readdirp@4.1.2:
    resolution: {integrity: sha512-GDhwkLfywWL2s6vEjyhri+eXmfH6j1L7JE27WhqLeYzoh/A3DBaYGEj2H/HFZCn/kMfim73FXxEJTw06WtxQwg==}
    engines: {node: '>= 14.18.0'}

  redis-errors@1.2.0:
    resolution: {integrity: sha512-1qny3OExCf0UvUV/5wpYKf2YwPcOqXzkwKKSmKHiE6ZMQs5heeE/c8eXK+PNllPvmjgAbfnsbpkGZWy8cBpn9w==}
    engines: {node: '>=4'}

  redis-parser@3.0.0:
    resolution: {integrity: sha512-DJnGAeenTdpMEH6uAJRK/uiyEIH9WVsUmoLwzudwGJUwZPp80PDBWPHXSAGNPwNvIXAbe7MSUB1zQFugFml66A==}
    engines: {node: '>=4'}

  shebang-command@2.0.0:
    resolution: {integrity: sha512-kHxr2zZpYtdmrN1qDjrrX/Z1rR1kG8Dx+gkpK1G4eXmvXswmcE1hTWBWYUzlraYw1/yZp6YuDY77YtvbN0dmDA==}
    engines: {node: '>=8'}

  shebang-regex@3.0.0:
    resolution: {integrity: sha512-7++dFhtcx3353uBaq8DDR4NuxBetBzC7ZQOhmTQInHEd6bSrXdiEyzCvG07Z44UYdLShWUyXt5M/yhz8ekcb1A==}
    engines: {node: '>=8'}

  standard-as-callback@2.1.0:
    resolution: {integrity: sha512-qoRRSyROncaz1z0mvYqIE4lCd9p2R90i6GxW3uZv5ucSu8tU7B5HXUP1gG8pVZsYNVaXjk8ClXHPttLyxAL48A==}

  tinyexec@1.2.4:
    resolution: {integrity: sha512-SHf/r48b7vOrjve9PxJo3MN5v5yuyjHvdUcrQffT3WXMUfnGmHDVbC4k3sHJaJTgZCwpUplIaAo5ANtMyp3YHg==}
    engines: {node: '>=18'}

  tsx@4.22.4:
    resolution: {integrity: sha512-X8EX+XV4QR5xCsrgxaED954zTDfY8KqlDtskKEL0cHhyS/P8b4IFOvGDQpsC9Q1XnLq915wEfwwY/zzskCtmhg==}
    engines: {node: '>=18.0.0'}
    hasBin: true

  turbo@2.9.17:
    resolution: {integrity: sha512-91Q3KxfHJn7esFu2Ic6j9pkvQqWjncQCOp7r1gCKChRSb/+T/yIjsavAmbGLmFRKAzSjmWW/FMrcknmJ4hEOPA==}
    hasBin: true

  typescript@6.0.3:
    resolution: {integrity: sha512-y2TvuxSZPDyQakkFRPZHKFm+KKVqIisdg9/CZwm9ftvKXLP8NRWj38/ODjNbr43SsoXqNuAisEf1GdCxqWcdBw==}
    engines: {node: '>=14.17'}
    hasBin: true

  undici-types@7.24.6:
    resolution: {integrity: sha512-WRNW+sJgj5OBN4/0JpHFqtqzhpbnV0GuB+OozA9gCL7a993SmU+1JBZCzLNxYsbMfIeDL+lTsphD5jN5N+n0zg==}

  which@2.0.2:
    resolution: {integrity: sha512-BLI3Tl1TW3Pvl70l3yq3Y64i+awpwXqsGBYWkkqMtnbXgrMD+yj7rhW0kuEDxzJaYXGjEW5ogapKNMEKNMjibA==}
    engines: {node: '>= 8'}
    hasBin: true

snapshots:

  '@bufbuild/protobuf@2.10.2': {}

  '@esbuild/aix-ppc64@0.28.0':
    optional: true

  '@esbuild/android-arm64@0.28.0':
    optional: true

  '@esbuild/android-arm@0.28.0':
    optional: true

  '@esbuild/android-x64@0.28.0':
    optional: true

  '@esbuild/darwin-arm64@0.28.0':
    optional: true

  '@esbuild/darwin-x64@0.28.0':
    optional: true

  '@esbuild/freebsd-arm64@0.28.0':
    optional: true

  '@esbuild/freebsd-x64@0.28.0':
    optional: true

  '@esbuild/linux-arm64@0.28.0':
    optional: true

  '@esbuild/linux-arm@0.28.0':
    optional: true

  '@esbuild/linux-ia32@0.28.0':
    optional: true

  '@esbuild/linux-loong64@0.28.0':
    optional: true

  '@esbuild/linux-mips64el@0.28.0':
    optional: true

  '@esbuild/linux-ppc64@0.28.0':
    optional: true

  '@esbuild/linux-riscv64@0.28.0':
    optional: true

  '@esbuild/linux-s390x@0.28.0':
    optional: true

  '@esbuild/linux-x64@0.28.0':
    optional: true

  '@esbuild/netbsd-arm64@0.28.0':
    optional: true

  '@esbuild/netbsd-x64@0.28.0':
    optional: true

  '@esbuild/openbsd-arm64@0.28.0':
    optional: true

  '@esbuild/openbsd-x64@0.28.0':
    optional: true

  '@esbuild/openharmony-arm64@0.28.0':
    optional: true

  '@esbuild/sunos-x64@0.28.0':
    optional: true

  '@esbuild/win32-arm64@0.28.0':
    optional: true

  '@esbuild/win32-ia32@0.28.0':
    optional: true

  '@esbuild/win32-x64@0.28.0':
    optional: true

  '@ioredis/commands@1.10.0': {}

  '@prisma/client@6.19.3(prisma@6.19.3(typescript@6.0.3))(typescript@6.0.3)':
    optionalDependencies:
      prisma: 6.19.3(typescript@6.0.3)
      typescript: 6.0.3

  '@prisma/config@6.19.3':
    dependencies:
      c12: 3.1.0
      deepmerge-ts: 7.1.5
      effect: 3.21.0
      empathic: 2.0.0
    transitivePeerDependencies:
      - magicast

  '@prisma/debug@6.19.3': {}

  '@prisma/engines-version@7.1.1-3.c2990dca591cba766e3b7ef5d9e8a84796e47ab7': {}

  '@prisma/engines@6.19.3':
    dependencies:
      '@prisma/debug': 6.19.3
      '@prisma/engines-version': 7.1.1-3.c2990dca591cba766e3b7ef5d9e8a84796e47ab7
      '@prisma/fetch-engine': 6.19.3
      '@prisma/get-platform': 6.19.3

  '@prisma/fetch-engine@6.19.3':
    dependencies:
      '@prisma/debug': 6.19.3
      '@prisma/engines-version': 7.1.1-3.c2990dca591cba766e3b7ef5d9e8a84796e47ab7
      '@prisma/get-platform': 6.19.3

  '@prisma/get-platform@6.19.3':
    dependencies:
      '@prisma/debug': 6.19.3

  '@solana/addresses@5.1.0(typescript@6.0.3)':
    dependencies:
      '@solana/assertions': 5.1.0(typescript@6.0.3)
      '@solana/codecs-core': 5.1.0(typescript@6.0.3)
      '@solana/codecs-strings': 5.1.0(typescript@6.0.3)
      '@solana/errors': 5.1.0(typescript@6.0.3)
      '@solana/nominal-types': 5.1.0(typescript@6.0.3)
      typescript: 6.0.3
    transitivePeerDependencies:
      - fastestsmallesttextencoderdecoder

  '@solana/assertions@5.1.0(typescript@6.0.3)':
    dependencies:
      '@solana/errors': 5.1.0(typescript@6.0.3)
      typescript: 6.0.3

  '@solana/codecs-core@5.1.0(typescript@6.0.3)':
    dependencies:
      '@solana/errors': 5.1.0(typescript@6.0.3)
      typescript: 6.0.3

  '@solana/codecs-data-structures@5.1.0(typescript@6.0.3)':
    dependencies:
      '@solana/codecs-core': 5.1.0(typescript@6.0.3)
      '@solana/codecs-numbers': 5.1.0(typescript@6.0.3)
      '@solana/errors': 5.1.0(typescript@6.0.3)
      typescript: 6.0.3

  '@solana/codecs-numbers@5.1.0(typescript@6.0.3)':
    dependencies:
      '@solana/codecs-core': 5.1.0(typescript@6.0.3)
      '@solana/errors': 5.1.0(typescript@6.0.3)
      typescript: 6.0.3

  '@solana/codecs-strings@5.1.0(typescript@6.0.3)':
    dependencies:
      '@solana/codecs-core': 5.1.0(typescript@6.0.3)
      '@solana/codecs-numbers': 5.1.0(typescript@6.0.3)
      '@solana/errors': 5.1.0(typescript@6.0.3)
      typescript: 6.0.3

  '@solana/errors@5.1.0(typescript@6.0.3)':
    dependencies:
      chalk: 5.6.2
      commander: 14.0.2
      typescript: 6.0.3

  '@solana/functional@5.1.0(typescript@6.0.3)':
    dependencies:
      typescript: 6.0.3

  '@solana/instructions@5.1.0(typescript@6.0.3)':
    dependencies:
      '@solana/codecs-core': 5.1.0(typescript@6.0.3)
      '@solana/errors': 5.1.0(typescript@6.0.3)
      typescript: 6.0.3

  '@solana/keys@5.1.0(typescript@6.0.3)':
    dependencies:
      '@solana/assertions': 5.1.0(typescript@6.0.3)
      '@solana/codecs-core': 5.1.0(typescript@6.0.3)
      '@solana/codecs-strings': 5.1.0(typescript@6.0.3)
      '@solana/errors': 5.1.0(typescript@6.0.3)
      '@solana/nominal-types': 5.1.0(typescript@6.0.3)
      typescript: 6.0.3
    transitivePeerDependencies:
      - fastestsmallesttextencoderdecoder

  '@solana/nominal-types@5.1.0(typescript@6.0.3)':
    dependencies:
      typescript: 6.0.3

  '@solana/rpc-api@5.1.0(typescript@6.0.3)':
    dependencies:
      '@solana/addresses': 5.1.0(typescript@6.0.3)
      '@solana/codecs-core': 5.1.0(typescript@6.0.3)
      '@solana/codecs-strings': 5.1.0(typescript@6.0.3)
      '@solana/errors': 5.1.0(typescript@6.0.3)
      '@solana/keys': 5.1.0(typescript@6.0.3)
      '@solana/rpc-parsed-types': 5.1.0(typescript@6.0.3)
      '@solana/rpc-spec': 5.1.0(typescript@6.0.3)
      '@solana/rpc-transformers': 5.1.0(typescript@6.0.3)
      '@solana/rpc-types': 5.1.0(typescript@6.0.3)
      '@solana/transaction-messages': 5.1.0(typescript@6.0.3)
      '@solana/transactions': 5.1.0(typescript@6.0.3)
      typescript: 6.0.3
    transitivePeerDependencies:
      - fastestsmallesttextencoderdecoder

  '@solana/rpc-parsed-types@5.1.0(typescript@6.0.3)':
    dependencies:
      typescript: 6.0.3

  '@solana/rpc-spec-types@5.1.0(typescript@6.0.3)':
    dependencies:
      typescript: 6.0.3

  '@solana/rpc-spec@5.1.0(typescript@6.0.3)':
    dependencies:
      '@solana/errors': 5.1.0(typescript@6.0.3)
      '@solana/rpc-spec-types': 5.1.0(typescript@6.0.3)
      typescript: 6.0.3

  '@solana/rpc-transformers@5.1.0(typescript@6.0.3)':
    dependencies:
      '@solana/errors': 5.1.0(typescript@6.0.3)
      '@solana/functional': 5.1.0(typescript@6.0.3)
      '@solana/nominal-types': 5.1.0(typescript@6.0.3)
      '@solana/rpc-spec-types': 5.1.0(typescript@6.0.3)
      '@solana/rpc-types': 5.1.0(typescript@6.0.3)
      typescript: 6.0.3
    transitivePeerDependencies:
      - fastestsmallesttextencoderdecoder

  '@solana/rpc-types@5.1.0(typescript@6.0.3)':
    dependencies:
      '@solana/addresses': 5.1.0(typescript@6.0.3)
      '@solana/codecs-core': 5.1.0(typescript@6.0.3)
      '@solana/codecs-numbers': 5.1.0(typescript@6.0.3)
      '@solana/codecs-strings': 5.1.0(typescript@6.0.3)
      '@solana/errors': 5.1.0(typescript@6.0.3)
      '@solana/nominal-types': 5.1.0(typescript@6.0.3)
      typescript: 6.0.3
    transitivePeerDependencies:
      - fastestsmallesttextencoderdecoder

  '@solana/transaction-messages@5.1.0(typescript@6.0.3)':
    dependencies:
      '@solana/addresses': 5.1.0(typescript@6.0.3)
      '@solana/codecs-core': 5.1.0(typescript@6.0.3)
      '@solana/codecs-data-structures': 5.1.0(typescript@6.0.3)
      '@solana/codecs-numbers': 5.1.0(typescript@6.0.3)
      '@solana/errors': 5.1.0(typescript@6.0.3)
      '@solana/functional': 5.1.0(typescript@6.0.3)
      '@solana/instructions': 5.1.0(typescript@6.0.3)
      '@solana/nominal-types': 5.1.0(typescript@6.0.3)
      '@solana/rpc-types': 5.1.0(typescript@6.0.3)
      typescript: 6.0.3
    transitivePeerDependencies:
      - fastestsmallesttextencoderdecoder

  '@solana/transactions@5.1.0(typescript@6.0.3)':
    dependencies:
      '@solana/addresses': 5.1.0(typescript@6.0.3)
      '@solana/codecs-core': 5.1.0(typescript@6.0.3)
      '@solana/codecs-data-structures': 5.1.0(typescript@6.0.3)
      '@solana/codecs-numbers': 5.1.0(typescript@6.0.3)
      '@solana/codecs-strings': 5.1.0(typescript@6.0.3)
      '@solana/errors': 5.1.0(typescript@6.0.3)
      '@solana/functional': 5.1.0(typescript@6.0.3)
      '@solana/instructions': 5.1.0(typescript@6.0.3)
      '@solana/keys': 5.1.0(typescript@6.0.3)
      '@solana/nominal-types': 5.1.0(typescript@6.0.3)
      '@solana/rpc-types': 5.1.0(typescript@6.0.3)
      '@solana/transaction-messages': 5.1.0(typescript@6.0.3)
      typescript: 6.0.3
    transitivePeerDependencies:
      - fastestsmallesttextencoderdecoder

  '@standard-schema/spec@1.1.0': {}

  '@triton-one/yellowstone-grpc-napi-darwin-arm64@0.0.14':
    optional: true

  '@triton-one/yellowstone-grpc-napi-darwin-x64@0.0.14':
    optional: true

  '@triton-one/yellowstone-grpc-napi-linux-x64-gnu@0.0.14':
    optional: true

  '@triton-one/yellowstone-grpc-napi-linux-x64-musl@0.0.14':
    optional: true

  '@triton-one/yellowstone-grpc@5.0.9(typescript@6.0.3)':
    dependencies:
      '@bufbuild/protobuf': 2.10.2
      '@solana/addresses': 5.1.0(typescript@6.0.3)
      '@solana/rpc-api': 5.1.0(typescript@6.0.3)
      '@solana/rpc-types': 5.1.0(typescript@6.0.3)
    optionalDependencies:
      '@triton-one/yellowstone-grpc-napi-darwin-arm64': 0.0.14
      '@triton-one/yellowstone-grpc-napi-darwin-x64': 0.0.14
      '@triton-one/yellowstone-grpc-napi-linux-x64-gnu': 0.0.14
      '@triton-one/yellowstone-grpc-napi-linux-x64-musl': 0.0.14
    transitivePeerDependencies:
      - fastestsmallesttextencoderdecoder
      - typescript

  '@turbo/darwin-64@2.9.17':
    optional: true

  '@turbo/darwin-arm64@2.9.17':
    optional: true

  '@turbo/linux-64@2.9.17':
    optional: true

  '@turbo/linux-arm64@2.9.17':
    optional: true

  '@turbo/windows-64@2.9.17':
    optional: true

  '@turbo/windows-arm64@2.9.17':
    optional: true

  '@types/node@25.9.2':
    dependencies:
      undici-types: 7.24.6

  c12@3.1.0:
    dependencies:
      chokidar: 4.0.3
      confbox: 0.2.4
      defu: 6.1.7
      dotenv: 16.6.1
      exsolve: 1.0.8
      giget: 2.0.0
      jiti: 2.7.0
      ohash: 2.0.11
      pathe: 2.0.3
      perfect-debounce: 1.0.0
      pkg-types: 2.3.1
      rc9: 2.1.2

  chalk@5.6.2: {}

  chokidar@4.0.3:
    dependencies:
      readdirp: 4.1.2

  citty@0.1.6:
    dependencies:
      consola: 3.4.2

  citty@0.2.2: {}

  cluster-key-slot@1.1.1: {}

  commander@14.0.2: {}

  confbox@0.2.4: {}

  consola@3.4.2: {}

  cross-spawn@7.0.6:
    dependencies:
      path-key: 3.1.1
      shebang-command: 2.0.0
      which: 2.0.2

  debug@4.4.3:
    dependencies:
      ms: 2.1.3

  deepmerge-ts@7.1.5: {}

  defu@6.1.7: {}

  denque@2.1.0: {}

  destr@2.0.5: {}

  dotenv-cli@10.0.0:
    dependencies:
      cross-spawn: 7.0.6
      dotenv: 17.4.2
      dotenv-expand: 11.0.7
      minimist: 1.2.8

  dotenv-expand@11.0.7:
    dependencies:
      dotenv: 16.6.1

  dotenv@16.6.1: {}

  dotenv@17.4.2: {}

  effect@3.21.0:
    dependencies:
      '@standard-schema/spec': 1.1.0
      fast-check: 3.23.2

  empathic@2.0.0: {}

  esbuild@0.28.0:
    optionalDependencies:
      '@esbuild/aix-ppc64': 0.28.0
      '@esbuild/android-arm': 0.28.0
      '@esbuild/android-arm64': 0.28.0
      '@esbuild/android-x64': 0.28.0
      '@esbuild/darwin-arm64': 0.28.0
      '@esbuild/darwin-x64': 0.28.0
      '@esbuild/freebsd-arm64': 0.28.0
      '@esbuild/freebsd-x64': 0.28.0
      '@esbuild/linux-arm': 0.28.0
      '@esbuild/linux-arm64': 0.28.0
      '@esbuild/linux-ia32': 0.28.0
      '@esbuild/linux-loong64': 0.28.0
      '@esbuild/linux-mips64el': 0.28.0
      '@esbuild/linux-ppc64': 0.28.0
      '@esbuild/linux-riscv64': 0.28.0
      '@esbuild/linux-s390x': 0.28.0
      '@esbuild/linux-x64': 0.28.0
      '@esbuild/netbsd-arm64': 0.28.0
      '@esbuild/netbsd-x64': 0.28.0
      '@esbuild/openbsd-arm64': 0.28.0
      '@esbuild/openbsd-x64': 0.28.0
      '@esbuild/openharmony-arm64': 0.28.0
      '@esbuild/sunos-x64': 0.28.0
      '@esbuild/win32-arm64': 0.28.0
      '@esbuild/win32-ia32': 0.28.0
      '@esbuild/win32-x64': 0.28.0

  exsolve@1.0.8: {}

  fast-check@3.23.2:
    dependencies:
      pure-rand: 6.1.0

  fsevents@2.3.3:
    optional: true

  giget@2.0.0:
    dependencies:
      citty: 0.1.6
      consola: 3.4.2
      defu: 6.1.7
      node-fetch-native: 1.6.7
      nypm: 0.6.6
      pathe: 2.0.3

  ioredis@5.11.1:
    dependencies:
      '@ioredis/commands': 1.10.0
      cluster-key-slot: 1.1.1
      debug: 4.4.3
      denque: 2.1.0
      redis-errors: 1.2.0
      redis-parser: 3.0.0
      standard-as-callback: 2.1.0
    transitivePeerDependencies:
      - supports-color

  isexe@2.0.0: {}

  jiti@2.7.0: {}

  minimist@1.2.8: {}

  ms@2.1.3: {}

  node-fetch-native@1.6.7: {}

  nypm@0.6.6:
    dependencies:
      citty: 0.2.2
      pathe: 2.0.3
      tinyexec: 1.2.4

  ohash@2.0.11: {}

  path-key@3.1.1: {}

  pathe@2.0.3: {}

  perfect-debounce@1.0.0: {}

  pkg-types@2.3.1:
    dependencies:
      confbox: 0.2.4
      exsolve: 1.0.8
      pathe: 2.0.3

  prisma@6.19.3(typescript@6.0.3):
    dependencies:
      '@prisma/config': 6.19.3
      '@prisma/engines': 6.19.3
    optionalDependencies:
      typescript: 6.0.3
    transitivePeerDependencies:
      - magicast

  pure-rand@6.1.0: {}

  rc9@2.1.2:
    dependencies:
      defu: 6.1.7
      destr: 2.0.5

  readdirp@4.1.2: {}

  redis-errors@1.2.0: {}

  redis-parser@3.0.0:
    dependencies:
      redis-errors: 1.2.0

  shebang-command@2.0.0:
    dependencies:
      shebang-regex: 3.0.0

  shebang-regex@3.0.0: {}

  standard-as-callback@2.1.0: {}

  tinyexec@1.2.4: {}

  tsx@4.22.4:
    dependencies:
      esbuild: 0.28.0
    optionalDependencies:
      fsevents: 2.3.3

  turbo@2.9.17:
    optionalDependencies:
      '@turbo/darwin-64': 2.9.17
      '@turbo/darwin-arm64': 2.9.17
      '@turbo/linux-64': 2.9.17
      '@turbo/linux-arm64': 2.9.17
      '@turbo/windows-64': 2.9.17
      '@turbo/windows-arm64': 2.9.17

  typescript@6.0.3: {}

  undici-types@7.24.6: {}

  which@2.0.2:
    dependencies:
      isexe: 2.0.0
